
Microsoft Visual Studio Solution File, Format Version 12.00
# Visual Studio 15
VisualStudioVersion = 15.0.26124.0
MinimumVisualStudioVersion = 15.0.26124.0
Project("{2150E333-8FDC-42A3-9474-1A3956D46DE8}") = "Solution Items", "Solution Items", "{2C16686F-0F1D-4DE6-A977-0DCAC3F5A76A}"
	ProjectSection(SolutionItems) = preProject
		.editorconfig = .editorconfig
		.gitattributes = .gitattributes
		.gitignore = .gitignore
		.gitmodules = .gitmodules
		AllRules.ruleset = AllRules.ruleset
		Directory.Build.props = Directory.Build.props
		LICENSE = LICENSE
	EndProjectSection
EndProject
Project("{2150E333-8FDC-42A3-9474-1A3956D46DE8}") = "dotnet-common", "dotnet-common", "{FA950F87-D64A-47FA-AD6F-0ED5B4B7172E}"
EndProject
Project("{2150E333-8FDC-42A3-9474-1A3956D46DE8}") = "src", "src", "{EC792418-4B64-41B7-9C77-3743FC40B2C9}"
EndProject
Project("{9A19103F-16F7-4668-BE54-9A1E7A4F7556}") = "THNETII.Common", "dotnet-common\src\THNETII.Common\THNETII.Common.csproj", "{5714AFD8-5AE9-4299-B0AF-29789B5D8D1F}"
EndProject
Project("{9A19103F-16F7-4668-BE54-9A1E7A4F7556}") = "THNETII.DependencyInjection", "dotnet-common\src\THNETII.DependencyInjection\THNETII.DependencyInjection.csproj", "{0321A19A-B00E-4E5F-8096-44117FBBC1B8}"
EndProject
Project("{2150E333-8FDC-42A3-9474-1A3956D46DE8}") = "src", "src", "{B01ABE59-70DE-4DD4-A52F-35DD2E396CF1}"
EndProject
Project("{FAE04EC0-301F-11D3-BF4B-00C04F79EFBC}") = "THNETII.Docgen.RazorLib", "src\THNETII.Docgen.RazorLib\THNETII.Docgen.RazorLib.csproj", "{2C269048-99CD-454B-A5B9-672DE9409B66}"
EndProject
Project("{2150E333-8FDC-42A3-9474-1A3956D46DE8}") = "sample", "sample", "{40BF1C71-C609-4589-8166-FA928F080763}"
EndProject
Project("{FAE04EC0-301F-11D3-BF4B-00C04F79EFBC}") = "THNETII.Docgen.SampleWebApp", "sample\THNETII.Docgen.SampleWebApp\THNETII.Docgen.SampleWebApp.csproj", "{E544B486-8498-43C1-BC3C-B17C3BBBF7F8}"
EndProject
Global
	GlobalSection(SolutionConfigurationPlatforms) = preSolution
		Debug|Any CPU = Debug|Any CPU
		Debug|x64 = Debug|x64
		Debug|x86 = Debug|x86
		Release|Any CPU = Release|Any CPU
		Release|x64 = Release|x64
		Release|x86 = Release|x86
	EndGlobalSection
	GlobalSection(ProjectConfigurationPlatforms) = postSolution
		{5714AFD8-5AE9-4299-B0AF-29789B5D8D1F}.Debug|Any CPU.ActiveCfg = Debug|Any CPU
		{5714AFD8-5AE9-4299-B0AF-29789B5D8D1F}.Debug|Any CPU.Build.0 = Debug|Any CPU
		{5714AFD8-5AE9-4299-B0AF-29789B5D8D1F}.Debug|x64.ActiveCfg = Debug|Any CPU
		{5714AFD8-5AE9-4299-B0AF-29789B5D8D1F}.Debug|x64.Build.0 = Debug|Any CPU
		{5714AFD8-5AE9-4299-B0AF-29789B5D8D1F}.Debug|x86.ActiveCfg = Debug|Any CPU
		{5714AFD8-5AE9-4299-B0AF-29789B5D8D1F}.Debug|x86.Build.0 = Debug|Any CPU
		{5714AFD8-5AE9-4299-B0AF-29789B5D8D1F}.Release|Any CPU.ActiveCfg = Release|Any CPU
		{5714AFD8-5AE9-4299-B0AF-29789B5D8D1F}.Release|Any CPU.Build.0 = Release|Any CPU
		{5714AFD8-5AE9-4299-B0AF-29789B5D8D1F}.Release|x64.ActiveCfg = Release|Any CPU
		{5714AFD8-5AE9-4299-B0AF-29789B5D8D1F}.Release|x64.Build.0 = Release|Any CPU
		{5714AFD8-5AE9-4299-B0AF-29789B5D8D1F}.Release|x86.ActiveCfg = Release|Any CPU
		{5714AFD8-5AE9-4299-B0AF-29789B5D8D1F}.Release|x86.Build.0 = Release|Any CPU
		{0321A19A-B00E-4E5F-8096-44117FBBC1B8}.Debug|Any CPU.ActiveCfg = Debug|Any CPU
		{0321A19A-B00E-4E5F-8096-44117FBBC1B8}.Debug|Any CPU.Build.0 = Debug|Any CPU
		{0321A19A-B00E-4E5F-8096-44117FBBC1B8}.Debug|x64.ActiveCfg = Debug|Any CPU
		{0321A19A-B00E-4E5F-8096-44117FBBC1B8}.Debug|x64.Build.0 = Debug|Any CPU
		{0321A19A-B00E-4E5F-8096-44117FBBC1B8}.Debug|x86.ActiveCfg = Debug|Any CPU
		{0321A19A-B00E-4E5F-8096-44117FBBC1B8}.Debug|x86.Build.0 = Debug|Any CPU
		{0321A19A-B00E-4E5F-8096-44117FBBC1B8}.Release|Any CPU.ActiveCfg = Release|Any CPU
		{0321A19A-B00E-4E5F-8096-44117FBBC1B8}.Release|Any CPU.Build.0 = Release|Any CPU
		{0321A19A-B00E-4E5F-8096-44117FBBC1B8}.Release|x64.ActiveCfg = Release|Any CPU
		{0321A19A-B00E-4E5F-8096-44117FBBC1B8}.Release|x64.Build.0 = Release|Any CPU
		{0321A19A-B00E-4E5F-8096-44117FBBC1B8}.Release|x86.ActiveCfg = Release|Any CPU
		{0321A19A-B00E-4E5F-8096-44117FBBC1B8}.Release|x86.Build.0 = Release|Any CPU
		{2C269048-99CD-454B-A5B9-672DE9409B66}.Debug|Any CPU.ActiveCfg = Debug|Any CPU
		{2C269048-99CD-454B-A5B9-672DE9409B66}.Debug|Any CPU.Build.0 = Debug|Any CPU
		{2C269048-99CD-454B-A5B9-672DE9409B66}.Debug|x64.ActiveCfg = Debug|Any CPU
		{2C269048-99CD-454B-A5B9-672DE9409B66}.Debug|x64.Build.0 = Debug|Any CPU
		{2C269048-99CD-454B-A5B9-672DE9409B66}.Debug|x86.ActiveCfg = Debug|Any CPU
		{2C269048-99CD-454B-A5B9-672DE9409B66}.Debug|x86.Build.0 = Debug|Any CPU
		{2C269048-99CD-454B-A5B9-672DE9409B66}.Release|Any CPU.ActiveCfg = Release|Any CPU
		{2C269048-99CD-454B-A5B9-672DE9409B66}.Release|Any CPU.Build.0 = Release|Any CPU
		{2C269048-99CD-454B-A5B9-672DE9409B66}.Release|x64.ActiveCfg = Release|Any CPU
		{2C269048-99CD-454B-A5B9-672DE9409B66}.Release|x64.Build.0 = Release|Any CPU
		{2C269048-99CD-454B-A5B9-672DE9409B66}.Release|x86.ActiveCfg = Release|Any CPU
		{2C269048-99CD-454B-A5B9-672DE9409B66}.Release|x86.Build.0 = Release|Any CPU
		{E544B486-8498-43C1-BC3C-B17C3BBBF7F8}.Debug|Any CPU.ActiveCfg = Debug|Any CPU
		{E544B486-8498-43C1-BC3C-B17C3BBBF7F8}.Debug|Any CPU.Build.0 = Debug|Any CPU
		{E544B486-8498-43C1-BC3C-B17C3BBBF7F8}.Debug|x64.ActiveCfg = Debug|Any CPU
		{E544B486-8498-43C1-BC3C-B17C3BBBF7F8}.Debug|x64.Build.0 = Debug|Any CPU
		{E544B486-8498-43C1-BC3C-B17C3BBBF7F8}.Debug|x86.ActiveCfg = Debug|Any CPU
		{E544B486-8498-43C1-BC3C-B17C3BBBF7F8}.Debug|x86.Build.0 = Debug|Any CPU
		{E544B486-8498-43C1-BC3C-B17C3BBBF7F8}.Release|Any CPU.ActiveCfg = Release|Any CPU
		{E544B486-8498-43C1-BC3C-B17C3BBBF7F8}.Release|Any CPU.Build.0 = Release|Any CPU
		{E544B486-8498-43C1-BC3C-B17C3BBBF7F8}.Release|x64.ActiveCfg = Release|Any CPU
		{E544B486-8498-43C1-BC3C-B17C3BBBF7F8}.Release|x64.Build.0 = Release|Any CPU
		{E544B486-8498-43C1-BC3C-B17C3BBBF7F8}.Release|x86.ActiveCfg = Release|Any CPU
		{E544B486-8498-43C1-BC3C-B17C3BBBF7F8}.Release|x86.Build.0 = Release|Any CPU
	EndGlobalSection
	GlobalSection(SolutionProperties) = preSolution
		HideSolutionNode = FALSE
	EndGlobalSection
	GlobalSection(NestedProjects) = preSolution
		{EC792418-4B64-41B7-9C77-3743FC40B2C9} = {FA950F87-D64A-47FA-AD6F-0ED5B4B7172E}
		{5714AFD8-5AE9-4299-B0AF-29789B5D8D1F} = {EC792418-4B64-41B7-9C77-3743FC40B2C9}
		{0321A19A-B00E-4E5F-8096-44117FBBC1B8} = {EC792418-4B64-41B7-9C77-3743FC40B2C9}
		{2C269048-99CD-454B-A5B9-672DE9409B66} = {B01ABE59-70DE-4DD4-A52F-35DD2E396CF1}
		{E544B486-8498-43C1-BC3C-B17C3BBBF7F8} = {40BF1C71-C609-4589-8166-FA928F080763}
	EndGlobalSection
	GlobalSection(ExtensibilityGlobals) = postSolution
		SolutionGuid = {B5180010-256C-494F-AB31-989B09FB550F}
	EndGlobalSection
EndGlobal
