
Microsoft Visual Studio Solution File, Format Version 12.00
# Visual Studio 15
VisualStudioVersion = 15.0.26124.0
MinimumVisualStudioVersion = 15.0.26124.0
Project("{FAE04EC0-301F-11D3-BF4B-00C04F79EFBC}") = "THNETII.Documentation.DocFx", "THNETII.Documentation.DocFx.csproj", "{98CE164B-58D5-473D-81C8-A868C489CF15}"
EndProject
Project("{2150E333-8FDC-42A3-9474-1A3956D46DE8}") = "dotnet-common", "dotnet-common", "{DC322C06-E2AC-4802-B5A2-F1105EBA9E3B}"
EndProject
Project("{2150E333-8FDC-42A3-9474-1A3956D46DE8}") = "src", "src", "{1AA8F2E0-3C73-46C9-BA11-8C5B56C28CD8}"
EndProject
Project("{FAE04EC0-301F-11D3-BF4B-00C04F79EFBC}") = "THNETII.CommandLine.Extensions", "dotnet-common\src\THNETII.CommandLine.Extensions\THNETII.CommandLine.Extensions.csproj", "{83B7100D-3319-4037-BC62-D24802273EC9}"
EndProject
Project("{FAE04EC0-301F-11D3-BF4B-00C04F79EFBC}") = "THNETII.CommandLine.Hosting", "dotnet-common\src\THNETII.CommandLine.Hosting\THNETII.CommandLine.Hosting.csproj", "{E1EB27AA-E016-4A44-8105-761618B75E19}"
EndProject
Project("{FAE04EC0-301F-11D3-BF4B-00C04F79EFBC}") = "THNETII.Common", "dotnet-common\src\THNETII.Common\THNETII.Common.csproj", "{5523144D-135E-4A32-81C1-16B98E6929AC}"
EndProject
Project("{FAE04EC0-301F-11D3-BF4B-00C04F79EFBC}") = "THNETII.Common.BaseN", "dotnet-common\src\THNETII.Common.BaseN\THNETII.Common.BaseN.csproj", "{1572E8F5-38A0-4452-9B26-BBFA7E688933}"
EndProject
Project("{FAE04EC0-301F-11D3-BF4B-00C04F79EFBC}") = "THNETII.DependencyInjection", "dotnet-common\src\THNETII.DependencyInjection\THNETII.DependencyInjection.csproj", "{5466BDE5-5D53-4D79-8E0D-532B165DF644}"
EndProject
Project("{FAE04EC0-301F-11D3-BF4B-00C04F79EFBC}") = "THNETII.DependencyInjection.Configuration", "dotnet-common\src\THNETII.DependencyInjection.Configuration\THNETII.DependencyInjection.Configuration.csproj", "{0E5253A9-A520-47C3-BBE5-ED0DC2410BF5}"
EndProject
Project("{FAE04EC0-301F-11D3-BF4B-00C04F79EFBC}") = "THNETII.DependencyInjection.Nesting", "dotnet-common\src\THNETII.DependencyInjection.Nesting\THNETII.DependencyInjection.Nesting.csproj", "{E8D5BBB3-1B70-427A-A11E-4A26C08050E5}"
EndProject
Project("{FAE04EC0-301F-11D3-BF4B-00C04F79EFBC}") = "THNETII.Diagnostics.DiagnosticSourceExtensions", "dotnet-common\src\THNETII.Diagnostics.DiagnosticSourceExtensions\THNETII.Diagnostics.DiagnosticSourceExtensions.csproj", "{D568814B-F014-46A6-A578-F1A389335FDB}"
EndProject
Project("{FAE04EC0-301F-11D3-BF4B-00C04F79EFBC}") = "THNETII.Networking.Http", "dotnet-common\src\THNETII.Networking.Http\THNETII.Networking.Http.csproj", "{5A8FBF0E-6C2F-4938-A4B4-93E4F8D6273B}"
EndProject
Project("{FAE04EC0-301F-11D3-BF4B-00C04F79EFBC}") = "THNETII.TypeConverter", "dotnet-common\src\THNETII.TypeConverter\THNETII.TypeConverter.csproj", "{411CE352-299D-4D00-8F09-A067549BF873}"
EndProject
Project("{FAE04EC0-301F-11D3-BF4B-00C04F79EFBC}") = "THNETII.TypeConverter.Json", "dotnet-common\src\THNETII.TypeConverter.Json\THNETII.TypeConverter.Json.csproj", "{A1DE9BE7-18CC-487E-A2C8-5C741A8EE5DB}"
EndProject
Project("{FAE04EC0-301F-11D3-BF4B-00C04F79EFBC}") = "THNETII.TypeConverter.Serialization", "dotnet-common\src\THNETII.TypeConverter.Serialization\THNETII.TypeConverter.Serialization.csproj", "{6F40150D-AFBC-454E-AF45-485A40C1B82B}"
EndProject
Project("{FAE04EC0-301F-11D3-BF4B-00C04F79EFBC}") = "THNETII.TypeConverter.Xml", "dotnet-common\src\THNETII.TypeConverter.Xml\THNETII.TypeConverter.Xml.csproj", "{3EF3E419-E4A5-46CC-9EBE-96D558796F9F}"
EndProject
Global
	GlobalSection(SolutionConfigurationPlatforms) = preSolution
		Debug|Any CPU = Debug|Any CPU
		Debug|x64 = Debug|x64
		Debug|x86 = Debug|x86
		Release|Any CPU = Release|Any CPU
		Release|x64 = Release|x64
		Release|x86 = Release|x86
	EndGlobalSection
	GlobalSection(SolutionProperties) = preSolution
		HideSolutionNode = FALSE
	EndGlobalSection
	GlobalSection(ProjectConfigurationPlatforms) = postSolution
		{98CE164B-58D5-473D-81C8-A868C489CF15}.Debug|Any CPU.ActiveCfg = Debug|Any CPU
		{98CE164B-58D5-473D-81C8-A868C489CF15}.Debug|Any CPU.Build.0 = Debug|Any CPU
		{98CE164B-58D5-473D-81C8-A868C489CF15}.Debug|x64.ActiveCfg = Debug|Any CPU
		{98CE164B-58D5-473D-81C8-A868C489CF15}.Debug|x64.Build.0 = Debug|Any CPU
		{98CE164B-58D5-473D-81C8-A868C489CF15}.Debug|x86.ActiveCfg = Debug|Any CPU
		{98CE164B-58D5-473D-81C8-A868C489CF15}.Debug|x86.Build.0 = Debug|Any CPU
		{98CE164B-58D5-473D-81C8-A868C489CF15}.Release|Any CPU.ActiveCfg = Release|Any CPU
		{98CE164B-58D5-473D-81C8-A868C489CF15}.Release|Any CPU.Build.0 = Release|Any CPU
		{98CE164B-58D5-473D-81C8-A868C489CF15}.Release|x64.ActiveCfg = Release|Any CPU
		{98CE164B-58D5-473D-81C8-A868C489CF15}.Release|x64.Build.0 = Release|Any CPU
		{98CE164B-58D5-473D-81C8-A868C489CF15}.Release|x86.ActiveCfg = Release|Any CPU
		{98CE164B-58D5-473D-81C8-A868C489CF15}.Release|x86.Build.0 = Release|Any CPU
		{83B7100D-3319-4037-BC62-D24802273EC9}.Debug|Any CPU.ActiveCfg = Debug|Any CPU
		{83B7100D-3319-4037-BC62-D24802273EC9}.Debug|Any CPU.Build.0 = Debug|Any CPU
		{83B7100D-3319-4037-BC62-D24802273EC9}.Debug|x64.ActiveCfg = Debug|Any CPU
		{83B7100D-3319-4037-BC62-D24802273EC9}.Debug|x64.Build.0 = Debug|Any CPU
		{83B7100D-3319-4037-BC62-D24802273EC9}.Debug|x86.ActiveCfg = Debug|Any CPU
		{83B7100D-3319-4037-BC62-D24802273EC9}.Debug|x86.Build.0 = Debug|Any CPU
		{83B7100D-3319-4037-BC62-D24802273EC9}.Release|Any CPU.ActiveCfg = Release|Any CPU
		{83B7100D-3319-4037-BC62-D24802273EC9}.Release|Any CPU.Build.0 = Release|Any CPU
		{83B7100D-3319-4037-BC62-D24802273EC9}.Release|x64.ActiveCfg = Release|Any CPU
		{83B7100D-3319-4037-BC62-D24802273EC9}.Release|x64.Build.0 = Release|Any CPU
		{83B7100D-3319-4037-BC62-D24802273EC9}.Release|x86.ActiveCfg = Release|Any CPU
		{83B7100D-3319-4037-BC62-D24802273EC9}.Release|x86.Build.0 = Release|Any CPU
		{E1EB27AA-E016-4A44-8105-761618B75E19}.Debug|Any CPU.ActiveCfg = Debug|Any CPU
		{E1EB27AA-E016-4A44-8105-761618B75E19}.Debug|Any CPU.Build.0 = Debug|Any CPU
		{E1EB27AA-E016-4A44-8105-761618B75E19}.Debug|x64.ActiveCfg = Debug|Any CPU
		{E1EB27AA-E016-4A44-8105-761618B75E19}.Debug|x64.Build.0 = Debug|Any CPU
		{E1EB27AA-E016-4A44-8105-761618B75E19}.Debug|x86.ActiveCfg = Debug|Any CPU
		{E1EB27AA-E016-4A44-8105-761618B75E19}.Debug|x86.Build.0 = Debug|Any CPU
		{E1EB27AA-E016-4A44-8105-761618B75E19}.Release|Any CPU.ActiveCfg = Release|Any CPU
		{E1EB27AA-E016-4A44-8105-761618B75E19}.Release|Any CPU.Build.0 = Release|Any CPU
		{E1EB27AA-E016-4A44-8105-761618B75E19}.Release|x64.ActiveCfg = Release|Any CPU
		{E1EB27AA-E016-4A44-8105-761618B75E19}.Release|x64.Build.0 = Release|Any CPU
		{E1EB27AA-E016-4A44-8105-761618B75E19}.Release|x86.ActiveCfg = Release|Any CPU
		{E1EB27AA-E016-4A44-8105-761618B75E19}.Release|x86.Build.0 = Release|Any CPU
		{5523144D-135E-4A32-81C1-16B98E6929AC}.Debug|Any CPU.ActiveCfg = Debug|Any CPU
		{5523144D-135E-4A32-81C1-16B98E6929AC}.Debug|Any CPU.Build.0 = Debug|Any CPU
		{5523144D-135E-4A32-81C1-16B98E6929AC}.Debug|x64.ActiveCfg = Debug|Any CPU
		{5523144D-135E-4A32-81C1-16B98E6929AC}.Debug|x64.Build.0 = Debug|Any CPU
		{5523144D-135E-4A32-81C1-16B98E6929AC}.Debug|x86.ActiveCfg = Debug|Any CPU
		{5523144D-135E-4A32-81C1-16B98E6929AC}.Debug|x86.Build.0 = Debug|Any CPU
		{5523144D-135E-4A32-81C1-16B98E6929AC}.Release|Any CPU.ActiveCfg = Release|Any CPU
		{5523144D-135E-4A32-81C1-16B98E6929AC}.Release|Any CPU.Build.0 = Release|Any CPU
		{5523144D-135E-4A32-81C1-16B98E6929AC}.Release|x64.ActiveCfg = Release|Any CPU
		{5523144D-135E-4A32-81C1-16B98E6929AC}.Release|x64.Build.0 = Release|Any CPU
		{5523144D-135E-4A32-81C1-16B98E6929AC}.Release|x86.ActiveCfg = Release|Any CPU
		{5523144D-135E-4A32-81C1-16B98E6929AC}.Release|x86.Build.0 = Release|Any CPU
		{1572E8F5-38A0-4452-9B26-BBFA7E688933}.Debug|Any CPU.ActiveCfg = Debug|Any CPU
		{1572E8F5-38A0-4452-9B26-BBFA7E688933}.Debug|Any CPU.Build.0 = Debug|Any CPU
		{1572E8F5-38A0-4452-9B26-BBFA7E688933}.Debug|x64.ActiveCfg = Debug|Any CPU
		{1572E8F5-38A0-4452-9B26-BBFA7E688933}.Debug|x64.Build.0 = Debug|Any CPU
		{1572E8F5-38A0-4452-9B26-BBFA7E688933}.Debug|x86.ActiveCfg = Debug|Any CPU
		{1572E8F5-38A0-4452-9B26-BBFA7E688933}.Debug|x86.Build.0 = Debug|Any CPU
		{1572E8F5-38A0-4452-9B26-BBFA7E688933}.Release|Any CPU.ActiveCfg = Release|Any CPU
		{1572E8F5-38A0-4452-9B26-BBFA7E688933}.Release|Any CPU.Build.0 = Release|Any CPU
		{1572E8F5-38A0-4452-9B26-BBFA7E688933}.Release|x64.ActiveCfg = Release|Any CPU
		{1572E8F5-38A0-4452-9B26-BBFA7E688933}.Release|x64.Build.0 = Release|Any CPU
		{1572E8F5-38A0-4452-9B26-BBFA7E688933}.Release|x86.ActiveCfg = Release|Any CPU
		{1572E8F5-38A0-4452-9B26-BBFA7E688933}.Release|x86.Build.0 = Release|Any CPU
		{5466BDE5-5D53-4D79-8E0D-532B165DF644}.Debug|Any CPU.ActiveCfg = Debug|Any CPU
		{5466BDE5-5D53-4D79-8E0D-532B165DF644}.Debug|Any CPU.Build.0 = Debug|Any CPU
		{5466BDE5-5D53-4D79-8E0D-532B165DF644}.Debug|x64.ActiveCfg = Debug|Any CPU
		{5466BDE5-5D53-4D79-8E0D-532B165DF644}.Debug|x64.Build.0 = Debug|Any CPU
		{5466BDE5-5D53-4D79-8E0D-532B165DF644}.Debug|x86.ActiveCfg = Debug|Any CPU
		{5466BDE5-5D53-4D79-8E0D-532B165DF644}.Debug|x86.Build.0 = Debug|Any CPU
		{5466BDE5-5D53-4D79-8E0D-532B165DF644}.Release|Any CPU.ActiveCfg = Release|Any CPU
		{5466BDE5-5D53-4D79-8E0D-532B165DF644}.Release|Any CPU.Build.0 = Release|Any CPU
		{5466BDE5-5D53-4D79-8E0D-532B165DF644}.Release|x64.ActiveCfg = Release|Any CPU
		{5466BDE5-5D53-4D79-8E0D-532B165DF644}.Release|x64.Build.0 = Release|Any CPU
		{5466BDE5-5D53-4D79-8E0D-532B165DF644}.Release|x86.ActiveCfg = Release|Any CPU
		{5466BDE5-5D53-4D79-8E0D-532B165DF644}.Release|x86.Build.0 = Release|Any CPU
		{0E5253A9-A520-47C3-BBE5-ED0DC2410BF5}.Debug|Any CPU.ActiveCfg = Debug|Any CPU
		{0E5253A9-A520-47C3-BBE5-ED0DC2410BF5}.Debug|Any CPU.Build.0 = Debug|Any CPU
		{0E5253A9-A520-47C3-BBE5-ED0DC2410BF5}.Debug|x64.ActiveCfg = Debug|Any CPU
		{0E5253A9-A520-47C3-BBE5-ED0DC2410BF5}.Debug|x64.Build.0 = Debug|Any CPU
		{0E5253A9-A520-47C3-BBE5-ED0DC2410BF5}.Debug|x86.ActiveCfg = Debug|Any CPU
		{0E5253A9-A520-47C3-BBE5-ED0DC2410BF5}.Debug|x86.Build.0 = Debug|Any CPU
		{0E5253A9-A520-47C3-BBE5-ED0DC2410BF5}.Release|Any CPU.ActiveCfg = Release|Any CPU
		{0E5253A9-A520-47C3-BBE5-ED0DC2410BF5}.Release|Any CPU.Build.0 = Release|Any CPU
		{0E5253A9-A520-47C3-BBE5-ED0DC2410BF5}.Release|x64.ActiveCfg = Release|Any CPU
		{0E5253A9-A520-47C3-BBE5-ED0DC2410BF5}.Release|x64.Build.0 = Release|Any CPU
		{0E5253A9-A520-47C3-BBE5-ED0DC2410BF5}.Release|x86.ActiveCfg = Release|Any CPU
		{0E5253A9-A520-47C3-BBE5-ED0DC2410BF5}.Release|x86.Build.0 = Release|Any CPU
		{E8D5BBB3-1B70-427A-A11E-4A26C08050E5}.Debug|Any CPU.ActiveCfg = Debug|Any CPU
		{E8D5BBB3-1B70-427A-A11E-4A26C08050E5}.Debug|Any CPU.Build.0 = Debug|Any CPU
		{E8D5BBB3-1B70-427A-A11E-4A26C08050E5}.Debug|x64.ActiveCfg = Debug|Any CPU
		{E8D5BBB3-1B70-427A-A11E-4A26C08050E5}.Debug|x64.Build.0 = Debug|Any CPU
		{E8D5BBB3-1B70-427A-A11E-4A26C08050E5}.Debug|x86.ActiveCfg = Debug|Any CPU
		{E8D5BBB3-1B70-427A-A11E-4A26C08050E5}.Debug|x86.Build.0 = Debug|Any CPU
		{E8D5BBB3-1B70-427A-A11E-4A26C08050E5}.Release|Any CPU.ActiveCfg = Release|Any CPU
		{E8D5BBB3-1B70-427A-A11E-4A26C08050E5}.Release|Any CPU.Build.0 = Release|Any CPU
		{E8D5BBB3-1B70-427A-A11E-4A26C08050E5}.Release|x64.ActiveCfg = Release|Any CPU
		{E8D5BBB3-1B70-427A-A11E-4A26C08050E5}.Release|x64.Build.0 = Release|Any CPU
		{E8D5BBB3-1B70-427A-A11E-4A26C08050E5}.Release|x86.ActiveCfg = Release|Any CPU
		{E8D5BBB3-1B70-427A-A11E-4A26C08050E5}.Release|x86.Build.0 = Release|Any CPU
		{D568814B-F014-46A6-A578-F1A389335FDB}.Debug|Any CPU.ActiveCfg = Debug|Any CPU
		{D568814B-F014-46A6-A578-F1A389335FDB}.Debug|Any CPU.Build.0 = Debug|Any CPU
		{D568814B-F014-46A6-A578-F1A389335FDB}.Debug|x64.ActiveCfg = Debug|Any CPU
		{D568814B-F014-46A6-A578-F1A389335FDB}.Debug|x64.Build.0 = Debug|Any CPU
		{D568814B-F014-46A6-A578-F1A389335FDB}.Debug|x86.ActiveCfg = Debug|Any CPU
		{D568814B-F014-46A6-A578-F1A389335FDB}.Debug|x86.Build.0 = Debug|Any CPU
		{D568814B-F014-46A6-A578-F1A389335FDB}.Release|Any CPU.ActiveCfg = Release|Any CPU
		{D568814B-F014-46A6-A578-F1A389335FDB}.Release|Any CPU.Build.0 = Release|Any CPU
		{D568814B-F014-46A6-A578-F1A389335FDB}.Release|x64.ActiveCfg = Release|Any CPU
		{D568814B-F014-46A6-A578-F1A389335FDB}.Release|x64.Build.0 = Release|Any CPU
		{D568814B-F014-46A6-A578-F1A389335FDB}.Release|x86.ActiveCfg = Release|Any CPU
		{D568814B-F014-46A6-A578-F1A389335FDB}.Release|x86.Build.0 = Release|Any CPU
		{5A8FBF0E-6C2F-4938-A4B4-93E4F8D6273B}.Debug|Any CPU.ActiveCfg = Debug|Any CPU
		{5A8FBF0E-6C2F-4938-A4B4-93E4F8D6273B}.Debug|Any CPU.Build.0 = Debug|Any CPU
		{5A8FBF0E-6C2F-4938-A4B4-93E4F8D6273B}.Debug|x64.ActiveCfg = Debug|Any CPU
		{5A8FBF0E-6C2F-4938-A4B4-93E4F8D6273B}.Debug|x64.Build.0 = Debug|Any CPU
		{5A8FBF0E-6C2F-4938-A4B4-93E4F8D6273B}.Debug|x86.ActiveCfg = Debug|Any CPU
		{5A8FBF0E-6C2F-4938-A4B4-93E4F8D6273B}.Debug|x86.Build.0 = Debug|Any CPU
		{5A8FBF0E-6C2F-4938-A4B4-93E4F8D6273B}.Release|Any CPU.ActiveCfg = Release|Any CPU
		{5A8FBF0E-6C2F-4938-A4B4-93E4F8D6273B}.Release|Any CPU.Build.0 = Release|Any CPU
		{5A8FBF0E-6C2F-4938-A4B4-93E4F8D6273B}.Release|x64.ActiveCfg = Release|Any CPU
		{5A8FBF0E-6C2F-4938-A4B4-93E4F8D6273B}.Release|x64.Build.0 = Release|Any CPU
		{5A8FBF0E-6C2F-4938-A4B4-93E4F8D6273B}.Release|x86.ActiveCfg = Release|Any CPU
		{5A8FBF0E-6C2F-4938-A4B4-93E4F8D6273B}.Release|x86.Build.0 = Release|Any CPU
		{411CE352-299D-4D00-8F09-A067549BF873}.Debug|Any CPU.ActiveCfg = Debug|Any CPU
		{411CE352-299D-4D00-8F09-A067549BF873}.Debug|Any CPU.Build.0 = Debug|Any CPU
		{411CE352-299D-4D00-8F09-A067549BF873}.Debug|x64.ActiveCfg = Debug|Any CPU
		{411CE352-299D-4D00-8F09-A067549BF873}.Debug|x64.Build.0 = Debug|Any CPU
		{411CE352-299D-4D00-8F09-A067549BF873}.Debug|x86.ActiveCfg = Debug|Any CPU
		{411CE352-299D-4D00-8F09-A067549BF873}.Debug|x86.Build.0 = Debug|Any CPU
		{411CE352-299D-4D00-8F09-A067549BF873}.Release|Any CPU.ActiveCfg = Release|Any CPU
		{411CE352-299D-4D00-8F09-A067549BF873}.Release|Any CPU.Build.0 = Release|Any CPU
		{411CE352-299D-4D00-8F09-A067549BF873}.Release|x64.ActiveCfg = Release|Any CPU
		{411CE352-299D-4D00-8F09-A067549BF873}.Release|x64.Build.0 = Release|Any CPU
		{411CE352-299D-4D00-8F09-A067549BF873}.Release|x86.ActiveCfg = Release|Any CPU
		{411CE352-299D-4D00-8F09-A067549BF873}.Release|x86.Build.0 = Release|Any CPU
		{A1DE9BE7-18CC-487E-A2C8-5C741A8EE5DB}.Debug|Any CPU.ActiveCfg = Debug|Any CPU
		{A1DE9BE7-18CC-487E-A2C8-5C741A8EE5DB}.Debug|Any CPU.Build.0 = Debug|Any CPU
		{A1DE9BE7-18CC-487E-A2C8-5C741A8EE5DB}.Debug|x64.ActiveCfg = Debug|Any CPU
		{A1DE9BE7-18CC-487E-A2C8-5C741A8EE5DB}.Debug|x64.Build.0 = Debug|Any CPU
		{A1DE9BE7-18CC-487E-A2C8-5C741A8EE5DB}.Debug|x86.ActiveCfg = Debug|Any CPU
		{A1DE9BE7-18CC-487E-A2C8-5C741A8EE5DB}.Debug|x86.Build.0 = Debug|Any CPU
		{A1DE9BE7-18CC-487E-A2C8-5C741A8EE5DB}.Release|Any CPU.ActiveCfg = Release|Any CPU
		{A1DE9BE7-18CC-487E-A2C8-5C741A8EE5DB}.Release|Any CPU.Build.0 = Release|Any CPU
		{A1DE9BE7-18CC-487E-A2C8-5C741A8EE5DB}.Release|x64.ActiveCfg = Release|Any CPU
		{A1DE9BE7-18CC-487E-A2C8-5C741A8EE5DB}.Release|x64.Build.0 = Release|Any CPU
		{A1DE9BE7-18CC-487E-A2C8-5C741A8EE5DB}.Release|x86.ActiveCfg = Release|Any CPU
		{A1DE9BE7-18CC-487E-A2C8-5C741A8EE5DB}.Release|x86.Build.0 = Release|Any CPU
		{6F40150D-AFBC-454E-AF45-485A40C1B82B}.Debug|Any CPU.ActiveCfg = Debug|Any CPU
		{6F40150D-AFBC-454E-AF45-485A40C1B82B}.Debug|Any CPU.Build.0 = Debug|Any CPU
		{6F40150D-AFBC-454E-AF45-485A40C1B82B}.Debug|x64.ActiveCfg = Debug|Any CPU
		{6F40150D-AFBC-454E-AF45-485A40C1B82B}.Debug|x64.Build.0 = Debug|Any CPU
		{6F40150D-AFBC-454E-AF45-485A40C1B82B}.Debug|x86.ActiveCfg = Debug|Any CPU
		{6F40150D-AFBC-454E-AF45-485A40C1B82B}.Debug|x86.Build.0 = Debug|Any CPU
		{6F40150D-AFBC-454E-AF45-485A40C1B82B}.Release|Any CPU.ActiveCfg = Release|Any CPU
		{6F40150D-AFBC-454E-AF45-485A40C1B82B}.Release|Any CPU.Build.0 = Release|Any CPU
		{6F40150D-AFBC-454E-AF45-485A40C1B82B}.Release|x64.ActiveCfg = Release|Any CPU
		{6F40150D-AFBC-454E-AF45-485A40C1B82B}.Release|x64.Build.0 = Release|Any CPU
		{6F40150D-AFBC-454E-AF45-485A40C1B82B}.Release|x86.ActiveCfg = Release|Any CPU
		{6F40150D-AFBC-454E-AF45-485A40C1B82B}.Release|x86.Build.0 = Release|Any CPU
		{3EF3E419-E4A5-46CC-9EBE-96D558796F9F}.Debug|Any CPU.ActiveCfg = Debug|Any CPU
		{3EF3E419-E4A5-46CC-9EBE-96D558796F9F}.Debug|Any CPU.Build.0 = Debug|Any CPU
		{3EF3E419-E4A5-46CC-9EBE-96D558796F9F}.Debug|x64.ActiveCfg = Debug|Any CPU
		{3EF3E419-E4A5-46CC-9EBE-96D558796F9F}.Debug|x64.Build.0 = Debug|Any CPU
		{3EF3E419-E4A5-46CC-9EBE-96D558796F9F}.Debug|x86.ActiveCfg = Debug|Any CPU
		{3EF3E419-E4A5-46CC-9EBE-96D558796F9F}.Debug|x86.Build.0 = Debug|Any CPU
		{3EF3E419-E4A5-46CC-9EBE-96D558796F9F}.Release|Any CPU.ActiveCfg = Release|Any CPU
		{3EF3E419-E4A5-46CC-9EBE-96D558796F9F}.Release|Any CPU.Build.0 = Release|Any CPU
		{3EF3E419-E4A5-46CC-9EBE-96D558796F9F}.Release|x64.ActiveCfg = Release|Any CPU
		{3EF3E419-E4A5-46CC-9EBE-96D558796F9F}.Release|x64.Build.0 = Release|Any CPU
		{3EF3E419-E4A5-46CC-9EBE-96D558796F9F}.Release|x86.ActiveCfg = Release|Any CPU
		{3EF3E419-E4A5-46CC-9EBE-96D558796F9F}.Release|x86.Build.0 = Release|Any CPU
	EndGlobalSection
	GlobalSection(NestedProjects) = preSolution
		{1AA8F2E0-3C73-46C9-BA11-8C5B56C28CD8} = {DC322C06-E2AC-4802-B5A2-F1105EBA9E3B}
		{83B7100D-3319-4037-BC62-D24802273EC9} = {1AA8F2E0-3C73-46C9-BA11-8C5B56C28CD8}
		{E1EB27AA-E016-4A44-8105-761618B75E19} = {1AA8F2E0-3C73-46C9-BA11-8C5B56C28CD8}
		{5523144D-135E-4A32-81C1-16B98E6929AC} = {1AA8F2E0-3C73-46C9-BA11-8C5B56C28CD8}
		{1572E8F5-38A0-4452-9B26-BBFA7E688933} = {1AA8F2E0-3C73-46C9-BA11-8C5B56C28CD8}
		{5466BDE5-5D53-4D79-8E0D-532B165DF644} = {1AA8F2E0-3C73-46C9-BA11-8C5B56C28CD8}
		{0E5253A9-A520-47C3-BBE5-ED0DC2410BF5} = {1AA8F2E0-3C73-46C9-BA11-8C5B56C28CD8}
		{E8D5BBB3-1B70-427A-A11E-4A26C08050E5} = {1AA8F2E0-3C73-46C9-BA11-8C5B56C28CD8}
		{D568814B-F014-46A6-A578-F1A389335FDB} = {1AA8F2E0-3C73-46C9-BA11-8C5B56C28CD8}
		{5A8FBF0E-6C2F-4938-A4B4-93E4F8D6273B} = {1AA8F2E0-3C73-46C9-BA11-8C5B56C28CD8}
		{411CE352-299D-4D00-8F09-A067549BF873} = {1AA8F2E0-3C73-46C9-BA11-8C5B56C28CD8}
		{A1DE9BE7-18CC-487E-A2C8-5C741A8EE5DB} = {1AA8F2E0-3C73-46C9-BA11-8C5B56C28CD8}
		{6F40150D-AFBC-454E-AF45-485A40C1B82B} = {1AA8F2E0-3C73-46C9-BA11-8C5B56C28CD8}
		{3EF3E419-E4A5-46CC-9EBE-96D558796F9F} = {1AA8F2E0-3C73-46C9-BA11-8C5B56C28CD8}
	EndGlobalSection
EndGlobal
